lockfileVersion: '6.0'

settings:
  autoInstallPeers: false
  excludeLinksFromLockfile: false

importers:

  .: {}

  ../../../subspaces/libB:
    dependencies:
      lodash:
        specifier: 4.17.20
        version: 4.17.20

  ../../../subspaces/packageB:
    dependencies:
      eslint-rule-composer:
        specifier: 0.3.0
        version: 0.3.0
      libA:
        specifier: link:../libA
        version: link:../libA

packages:

  /eslint-rule-composer@0.3.0:
    resolution: {integrity: sha512-bt+Sh8CtDmn2OajxvNO+BX7Wn4CIWMpTRm3MaiKPCQcnnlm0CS2mhui6QaoeQugs+3Kj2ESKEEGJUdVafwhiCg==}
    engines: {node: '>=4.0.0'}
    dev: false

  /lodash@4.17.20:
    resolution: {integrity: sha512-PlhdFcillOINfeV7Ni6oF1TAEayyZBoZ8bcshTHqOYJYlrqzRK5hagpagky5o4HfCzzd1TRkXPMFq6cKk9rGmA==}
    dev: false
